PackratFormat: 1.4
PackratVersion: 0.6.0
RVersion: 4.1.0
Repos: CRAN=https://ftp.osuosl.org/pub/cran

Package: MASS
Source: CRAN
Version: 7.3-54
Hash: 6e22c69d9dc2dbc77dcea14977b7f0a6

Package: Matrix
Source: CRAN
Version: 1.3-3
Hash: a9ce50fb1b8eb66caed13145114a6fb7
Requires: lattice

Package: MatrixModels
Source: CRAN
Version: 0.5-0
Hash: b82d8dc15edca4288d10e7dfb1dc92b8
Requires: Matrix

Package: R6
Source: CRAN
Version: 2.5.0
Hash: 25ebbd2664a276c915984da5c820c404

Package: RColorBrewer
Source: CRAN
Version: 1.1-2
Hash: c0d56cd15034f395874c870141870c25

Package: Rcpp
Source: CRAN
Version: 1.0.6
Hash: d891b607ea796cf30abfe4795380423f

Package: RcppArmadillo
Source: CRAN
Version: 0.10.5.0.0
Hash: ce2de47f915947e5f24dc02ab2293442
Requires: Rcpp

Package: SparseM
Source: CRAN
Version: 1.81
Hash: 63f68898b45da389f03ee8430734ad06

Package: abc
Source: CRAN
Version: 2.1
Hash: c195d05f7089b98fce16f3e337d01627
Requires: MASS, abc.data, locfit, nnet, quantreg

Package: abc.data
Source: CRAN
Version: 1.0
Hash: bd04555d840be7330bb86d9f6aa68886

Package: base64enc
Source: CRAN
Version: 0.1-3

Package: cli
Source: CRAN
Version: 3.0.0
Hash: e001d6c71bfce0578005d5e54dbf19ab
Requires: glue

Package: cluster
Source: CRAN
Version: 2.1.2
Hash: 882f1e6c30c81cb871fb2efeac7ae10d

Package: colorspace
Source: CRAN
Version: 2.0-2
Hash: 0e38d18a06e22b1a78ee616bcfa467e1

Package: conquer
Source: CRAN
Version: 1.0.2
Hash: a30e21a6ede728a92636934eff741227
Requires: Matrix, Rcpp, RcppArmadillo, matrixStats

Package: crayon
Source: CRAN
Version: 1.4.1
Hash: 2e1b6e4b4bc63ebe2aaee1546b871329

Package: digest
Source: CRAN
Version: 0.6.27
Hash: 8ba156629c1537635b39332c93d8ed33

Package: ecolottery
Source: CRAN
Version: 1.0.0
Hash: 9fefc2a496561cb03805c6675f20dcbf
Requires: abc, ggplot2

Package: ellipsis
Source: CRAN
Version: 0.3.2
Hash: b21bfc48556c0c6a93fc9ede6c00cfaf
Requires: rlang

Package: evaluate
Source: CRAN
Version: 0.14

Package: fansi
Source: CRAN
Version: 0.5.0
Hash: e9c5e9cf18ad59b0c247458927b46d10

Package: farver
Source: CRAN
Version: 2.1.0
Hash: a001f1816f74d0e76e82171eef764a9d

Package: ggplot2
Source: CRAN
Version: 3.3.5
Hash: b54994f1f414ea1e2ecf978d298e9739
Requires: MASS, digest, glue, gtable, isoband, mgcv, rlang, scales,
    tibble, withr

Package: glue
Source: CRAN
Version: 1.4.2
Hash: afa798ba9deec3676e20300b79094749

Package: gtable
Source: CRAN
Version: 0.3.0
Hash: a9e7b0666eb933a0cb36779240b4462e

Package: highr
Source: CRAN
Version: 0.9
Requires: xfun

Package: htmltools
Source: CRAN
Version: 0.5.1.1
Requires: base64enc, digest, rlang

Package: isoband
Source: CRAN
Version: 0.2.4
Hash: b1e8c5547c2e0b0b45f375da77325ed2

Package: jsonlite
Source: CRAN
Version: 1.7.2
Hash: a5965fb563ba3643e75c425a82f935e6

Package: knitr
Source: CRAN
Version: 1.33
Requires: evaluate, highr, xfun, markdown, stringr, yaml

Package: labeling
Source: CRAN
Version: 0.4.2
Hash: 7474c78957f4e01d1dd4c04217eab244

Package: lattice
Source: CRAN
Version: 0.20-44
Hash: 1de9d2e96f685f9b83f087234d85273d

Package: lifecycle
Source: CRAN
Version: 1.0.0
Hash: 0c18dc7a4e21abdc8132b7cac2b5fcb4
Requires: glue, rlang

Package: locfit
Source: CRAN
Version: 1.5-9.4
Hash: 393b0b7b2b7bd57c047c4fda41e9fe35
Requires: lattice

Package: magrittr
Source: CRAN
Version: 2.0.1
Hash: d3c166b0573ae8c918edf7221dfe7380

Package: markdown
Source: CRAN
Version: 1.1
Requires: xfun, mime

Package: matrixStats
Source: CRAN
Version: 0.59.0
Hash: 3e146d04cea7c027b3fc49647ff45647

Package: mgcv
Source: CRAN
Version: 1.8-35
Hash: c4375d1163f9e01505cca4e553c29038
Requires: Matrix, nlme

Package: mime
Source: CRAN
Version: 0.11

Package: munsell
Source: CRAN
Version: 0.5.0
Hash: 38d0efee9bb99bef143bde41c4ce715c
Requires: colorspace

Package: nlme
Source: CRAN
Version: 3.1-152
Hash: 3761e6e8818069c15c0d04deef664201
Requires: lattice

Package: nnet
Source: CRAN
Version: 7.3-16
Hash: f67168507770ab026be5456d4be0a2b1

Package: packrat
Source: CRAN
Version: 0.6.0
Hash: 62fd532b7524f498caa3cf4cc5f15490

Package: permute
Source: CRAN
Version: 0.9-5

Package: pillar
Source: CRAN
Version: 1.6.1
Hash: a32895ba270cc966f841a55296b275e5
Requires: cli, crayon, ellipsis, fansi, lifecycle, rlang, utf8, vctrs

Package: pkgconfig
Source: CRAN
Version: 2.0.3
Hash: 5ff5f2361851a49534c96caa2a8071c7

Package: quantreg
Source: CRAN
Version: 5.86
Hash: a94811f46e3c2f34dd85844f54521927
Requires: Matrix, MatrixModels, SparseM, conquer

Package: rlang
Source: CRAN
Version: 0.4.11
Hash: 765f56f2e0697cfd1ad4c9d34e4efedc

Package: rmarkdown
Source: CRAN
Version: 2.10
Requires: evaluate, htmltools, jsonlite, knitr, stringr, xfun, yaml,
    tinytex

Package: scales
Source: CRAN
Version: 1.1.1
Hash: b67ae9f62ecb8912751eb664055d8f8a
Requires: R6, RColorBrewer, farver, labeling, lifecycle, munsell,
    viridisLite

Package: stringi
Source: CRAN
Version: 1.7.3

Package: stringr
Source: CRAN
Version: 1.4.0
Requires: glue, magrittr, stringi

Package: tibble
Source: CRAN
Version: 3.1.2
Hash: 83c55123413a6b6d3e777fba5ae667a3
Requires: lifecycle, rlang, ellipsis, fansi, magrittr, pillar,
    pkgconfig, vctrs

Package: tinytex
Source: CRAN
Version: 0.33
Requires: xfun

Package: utf8
Source: CRAN
Version: 1.2.1
Hash: 4ae5f77d617721b66be32d2b47bc9148

Package: vctrs
Source: CRAN
Version: 0.3.8
Hash: e2e7a28fd30d8df018965c923afd1195
Requires: ellipsis, glue, rlang

Package: vegan
Source: CRAN
Version: 2.5-7
Requires: MASS, cluster, lattice, mgcv, permute

Package: viridisLite
Source: CRAN
Version: 0.4.0
Hash: aeccc8c24d26192f4043be0c69151b96

Package: withr
Source: CRAN
Version: 2.4.2
Hash: 56366c768cead0b9b2b773cf9f16a432

Package: xfun
Source: CRAN
Version: 0.25

Package: yaml
Source: CRAN
Version: 2.2.1
